
Microsoft Visual Studio Solution File, Format Version 12.00
# Visual Studio Version 17
VisualStudioVersion = 17.0.31903.59
MinimumVisualStudioVersion = 10.0.40219.1
Project("{2150E333-8FDC-42A3-9474-1A3956D46DE8}") = "src", "src", "{31AD257A-D6CA-4DE2-AE21-6BBF79AFF16A}"
EndProject
Project("{2150E333-8FDC-42A3-9474-1A3956D46DE8}") = "tests", "tests", "{5BEEEF1F-0CB5-41E9-A683-278FF1FE6466}"
EndProject
Project("{FAE04EC0-301F-11D3-BF4B-00C04F79EFBC}") = "Pop.Core", "src\Pop.Core\Pop.Core.csproj", "{0D6C66A8-1420-4E98-9582-5FC9E88A6225}"
EndProject
Project("{FAE04EC0-301F-11D3-BF4B-00C04F79EFBC}") = "Pop.Platform.Abstractions", "src\Pop.Platform.Abstractions\Pop.Platform.Abstractions.csproj", "{2EFF79BA-9787-44FF-902D-C78E7CD919F7}"
EndProject
Project("{FAE04EC0-301F-11D3-BF4B-00C04F79EFBC}") = "Pop.App.Windows", "src\Pop.App.Windows\Pop.App.Windows.csproj", "{9AD2C864-A4CC-4596-B0C2-63ED08EB58ED}"
EndProject
Project("{FAE04EC0-301F-11D3-BF4B-00C04F79EFBC}") = "Pop.App.Mac", "src\Pop.App.Mac\Pop.App.Mac.csproj", "{B894DBD6-C589-4424-B971-F6DD200E84F4}"
EndProject
Project("{FAE04EC0-301F-11D3-BF4B-00C04F79EFBC}") = "Pop.Tests", "tests\Pop.Tests\Pop.Tests.csproj", "{B3614515-6F18-496F-A7C6-8DCA5DE9BE0F}"
EndProject
Project("{FAE04EC0-301F-11D3-BF4B-00C04F79EFBC}") = "Pop.Tests.Windows", "tests\Pop.Tests.Windows\Pop.Tests.Windows.csproj", "{A4E7D318-EA64-4EE8-AF29-D06D9E460EA0}"
EndProject
Global
	GlobalSection(SolutionConfigurationPlatforms) = preSolution
		Debug|Any CPU = Debug|Any CPU
		Debug|x64 = Debug|x64
		Debug|x86 = Debug|x86
		Release|Any CPU = Release|Any CPU
		Release|x64 = Release|x64
		Release|x86 = Release|x86
	EndGlobalSection
	GlobalSection(ProjectConfigurationPlatforms) = postSolution
		{0D6C66A8-1420-4E98-9582-5FC9E88A6225}.Debug|Any CPU.ActiveCfg = Debug|Any CPU
		{0D6C66A8-1420-4E98-9582-5FC9E88A6225}.Debug|Any CPU.Build.0 = Debug|Any CPU
		{0D6C66A8-1420-4E98-9582-5FC9E88A6225}.Debug|x64.ActiveCfg = Debug|Any CPU
		{0D6C66A8-1420-4E98-9582-5FC9E88A6225}.Debug|x64.Build.0 = Debug|Any CPU
		{0D6C66A8-1420-4E98-9582-5FC9E88A6225}.Debug|x86.ActiveCfg = Debug|Any CPU
		{0D6C66A8-1420-4E98-9582-5FC9E88A6225}.Debug|x86.Build.0 = Debug|Any CPU
		{0D6C66A8-1420-4E98-9582-5FC9E88A6225}.Release|Any CPU.ActiveCfg = Release|Any CPU
		{0D6C66A8-1420-4E98-9582-5FC9E88A6225}.Release|Any CPU.Build.0 = Release|Any CPU
		{0D6C66A8-1420-4E98-9582-5FC9E88A6225}.Release|x64.ActiveCfg = Release|Any CPU
		{0D6C66A8-1420-4E98-9582-5FC9E88A6225}.Release|x64.Build.0 = Release|Any CPU
		{0D6C66A8-1420-4E98-9582-5FC9E88A6225}.Release|x86.ActiveCfg = Release|Any CPU
		{0D6C66A8-1420-4E98-9582-5FC9E88A6225}.Release|x86.Build.0 = Release|Any CPU
		{2EFF79BA-9787-44FF-902D-C78E7CD919F7}.Debug|Any CPU.ActiveCfg = Debug|Any CPU
		{2EFF79BA-9787-44FF-902D-C78E7CD919F7}.Debug|Any CPU.Build.0 = Debug|Any CPU
		{2EFF79BA-9787-44FF-902D-C78E7CD919F7}.Debug|x64.ActiveCfg = Debug|Any CPU
		{2EFF79BA-9787-44FF-902D-C78E7CD919F7}.Debug|x64.Build.0 = Debug|Any CPU
		{2EFF79BA-9787-44FF-902D-C78E7CD919F7}.Debug|x86.ActiveCfg = Debug|Any CPU
		{2EFF79BA-9787-44FF-902D-C78E7CD919F7}.Debug|x86.Build.0 = Debug|Any CPU
		{2EFF79BA-9787-44FF-902D-C78E7CD919F7}.Release|Any CPU.ActiveCfg = Release|Any CPU
		{2EFF79BA-9787-44FF-902D-C78E7CD919F7}.Release|Any CPU.Build.0 = Release|Any CPU
		{2EFF79BA-9787-44FF-902D-C78E7CD919F7}.Release|x64.ActiveCfg = Release|Any CPU
		{2EFF79BA-9787-44FF-902D-C78E7CD919F7}.Release|x64.Build.0 = Release|Any CPU
		{2EFF79BA-9787-44FF-902D-C78E7CD919F7}.Release|x86.ActiveCfg = Release|Any CPU
		{2EFF79BA-9787-44FF-902D-C78E7CD919F7}.Release|x86.Build.0 = Release|Any CPU
		{9AD2C864-A4CC-4596-B0C2-63ED08EB58ED}.Debug|Any CPU.ActiveCfg = Debug|Any CPU
		{9AD2C864-A4CC-4596-B0C2-63ED08EB58ED}.Debug|Any CPU.Build.0 = Debug|Any CPU
		{9AD2C864-A4CC-4596-B0C2-63ED08EB58ED}.Debug|x64.ActiveCfg = Debug|Any CPU
		{9AD2C864-A4CC-4596-B0C2-63ED08EB58ED}.Debug|x64.Build.0 = Debug|Any CPU
		{9AD2C864-A4CC-4596-B0C2-63ED08EB58ED}.Debug|x86.ActiveCfg = Debug|Any CPU
		{9AD2C864-A4CC-4596-B0C2-63ED08EB58ED}.Debug|x86.Build.0 = Debug|Any CPU
		{9AD2C864-A4CC-4596-B0C2-63ED08EB58ED}.Release|Any CPU.ActiveCfg = Release|Any CPU
		{9AD2C864-A4CC-4596-B0C2-63ED08EB58ED}.Release|Any CPU.Build.0 = Release|Any CPU
		{9AD2C864-A4CC-4596-B0C2-63ED08EB58ED}.Release|x64.ActiveCfg = Release|Any CPU
		{9AD2C864-A4CC-4596-B0C2-63ED08EB58ED}.Release|x64.Build.0 = Release|Any CPU
		{9AD2C864-A4CC-4596-B0C2-63ED08EB58ED}.Release|x86.ActiveCfg = Release|Any CPU
		{9AD2C864-A4CC-4596-B0C2-63ED08EB58ED}.Release|x86.Build.0 = Release|Any CPU
		{B894DBD6-C589-4424-B971-F6DD200E84F4}.Debug|Any CPU.ActiveCfg = Debug|Any CPU
		{B894DBD6-C589-4424-B971-F6DD200E84F4}.Debug|Any CPU.Build.0 = Debug|Any CPU
		{B894DBD6-C589-4424-B971-F6DD200E84F4}.Debug|x64.ActiveCfg = Debug|Any CPU
		{B894DBD6-C589-4424-B971-F6DD200E84F4}.Debug|x64.Build.0 = Debug|Any CPU
		{B894DBD6-C589-4424-B971-F6DD200E84F4}.Debug|x86.ActiveCfg = Debug|Any CPU
		{B894DBD6-C589-4424-B971-F6DD200E84F4}.Debug|x86.Build.0 = Debug|Any CPU
		{B894DBD6-C589-4424-B971-F6DD200E84F4}.Release|Any CPU.ActiveCfg = Release|Any CPU
		{B894DBD6-C589-4424-B971-F6DD200E84F4}.Release|Any CPU.Build.0 = Release|Any CPU
		{B894DBD6-C589-4424-B971-F6DD200E84F4}.Release|x64.ActiveCfg = Release|Any CPU
		{B894DBD6-C589-4424-B971-F6DD200E84F4}.Release|x64.Build.0 = Release|Any CPU
		{B894DBD6-C589-4424-B971-F6DD200E84F4}.Release|x86.ActiveCfg = Release|Any CPU
		{B894DBD6-C589-4424-B971-F6DD200E84F4}.Release|x86.Build.0 = Release|Any CPU
		{B3614515-6F18-496F-A7C6-8DCA5DE9BE0F}.Debug|Any CPU.ActiveCfg = Debug|Any CPU
		{B3614515-6F18-496F-A7C6-8DCA5DE9BE0F}.Debug|Any CPU.Build.0 = Debug|Any CPU
		{B3614515-6F18-496F-A7C6-8DCA5DE9BE0F}.Debug|x64.ActiveCfg = Debug|Any CPU
		{B3614515-6F18-496F-A7C6-8DCA5DE9BE0F}.Debug|x64.Build.0 = Debug|Any CPU
		{B3614515-6F18-496F-A7C6-8DCA5DE9BE0F}.Debug|x86.ActiveCfg = Debug|Any CPU
		{B3614515-6F18-496F-A7C6-8DCA5DE9BE0F}.Debug|x86.Build.0 = Debug|Any CPU
		{B3614515-6F18-496F-A7C6-8DCA5DE9BE0F}.Release|Any CPU.ActiveCfg = Release|Any CPU
		{B3614515-6F18-496F-A7C6-8DCA5DE9BE0F}.Release|Any CPU.Build.0 = Release|Any CPU
		{B3614515-6F18-496F-A7C6-8DCA5DE9BE0F}.Release|x64.ActiveCfg = Release|Any CPU
		{B3614515-6F18-496F-A7C6-8DCA5DE9BE0F}.Release|x64.Build.0 = Release|Any CPU
		{B3614515-6F18-496F-A7C6-8DCA5DE9BE0F}.Release|x86.ActiveCfg = Release|Any CPU
		{B3614515-6F18-496F-A7C6-8DCA5DE9BE0F}.Release|x86.Build.0 = Release|Any CPU
		{A4E7D318-EA64-4EE8-AF29-D06D9E460EA0}.Debug|Any CPU.ActiveCfg = Debug|Any CPU
		{A4E7D318-EA64-4EE8-AF29-D06D9E460EA0}.Debug|Any CPU.Build.0 = Debug|Any CPU
		{A4E7D318-EA64-4EE8-AF29-D06D9E460EA0}.Debug|x64.ActiveCfg = Debug|Any CPU
		{A4E7D318-EA64-4EE8-AF29-D06D9E460EA0}.Debug|x64.Build.0 = Debug|Any CPU
		{A4E7D318-EA64-4EE8-AF29-D06D9E460EA0}.Debug|x86.ActiveCfg = Debug|Any CPU
		{A4E7D318-EA64-4EE8-AF29-D06D9E460EA0}.Debug|x86.Build.0 = Debug|Any CPU
		{A4E7D318-EA64-4EE8-AF29-D06D9E460EA0}.Release|Any CPU.ActiveCfg = Release|Any CPU
		{A4E7D318-EA64-4EE8-AF29-D06D9E460EA0}.Release|Any CPU.Build.0 = Release|Any CPU
		{A4E7D318-EA64-4EE8-AF29-D06D9E460EA0}.Release|x64.ActiveCfg = Release|Any CPU
		{A4E7D318-EA64-4EE8-AF29-D06D9E460EA0}.Release|x64.Build.0 = Release|Any CPU
		{A4E7D318-EA64-4EE8-AF29-D06D9E460EA0}.Release|x86.ActiveCfg = Release|Any CPU
		{A4E7D318-EA64-4EE8-AF29-D06D9E460EA0}.Release|x86.Build.0 = Release|Any CPU
	EndGlobalSection
	GlobalSection(SolutionProperties) = preSolution
		HideSolutionNode = FALSE
	EndGlobalSection
	GlobalSection(NestedProjects) = preSolution
		{0D6C66A8-1420-4E98-9582-5FC9E88A6225} = {31AD257A-D6CA-4DE2-AE21-6BBF79AFF16A}
		{2EFF79BA-9787-44FF-902D-C78E7CD919F7} = {31AD257A-D6CA-4DE2-AE21-6BBF79AFF16A}
		{9AD2C864-A4CC-4596-B0C2-63ED08EB58ED} = {31AD257A-D6CA-4DE2-AE21-6BBF79AFF16A}
		{B894DBD6-C589-4424-B971-F6DD200E84F4} = {31AD257A-D6CA-4DE2-AE21-6BBF79AFF16A}
		{B3614515-6F18-496F-A7C6-8DCA5DE9BE0F} = {5BEEEF1F-0CB5-41E9-A683-278FF1FE6466}
		{A4E7D318-EA64-4EE8-AF29-D06D9E460EA0} = {5BEEEF1F-0CB5-41E9-A683-278FF1FE6466}
	EndGlobalSection
EndGlobal
